// !$*UTF8*$!
{
	archiveVersion = 1;
	classes = {
	};
	objectVersion = 56;
	objects = {

/* Begin PBXBuildFile section */
		94A63B5C2C77E35F008B1898 /* SwiftCairoSecurityDemoApp.swift in Sources */ = {isa = PBXBuildFile; fileRef = 94A63B5B2C77E35F008B1898 /* SwiftCairoSecurityDemoApp.swift */; };
		94A63B5E2C77E35F008B1898 /* ContentView.swift in Sources */ = {isa = PBXBuildFile; fileRef = 94A63B5D2C77E35F008B1898 /* ContentView.swift */; };
		94A63B602C77E361008B1898 /* Assets.xcassets in Resources */ = {isa = PBXBuildFile; fileRef = 94A63B5F2C77E361008B1898 /* Assets.xcassets */; };
		94A63B632C77E361008B1898 /* Preview Assets.xcassets in Resources */ = {isa = PBXBuildFile; fileRef = 94A63B622C77E361008B1898 /* Preview Assets.xcassets */; };
		94D97B9D2C7A940E00CBAC2C /* LoginView.swift in Sources */ = {isa = PBXBuildFile; fileRef = 94D97B9C2C7A940E00CBAC2C /* LoginView.swift */; };
		94D97B9F2C7A945300CBAC2C /* HomeView.swift in Sources */ = {isa = PBXBuildFile; fileRef = 94D97B9E2C7A945300CBAC2C /* HomeView.swift */; };
		94D97BA22C7A99D200CBAC2C /* LoginManager.swift in Sources */ = {isa = PBXBuildFile; fileRef = 94D97BA12C7A99D200CBAC2C /* LoginManager.swift */; };
		94D97BA82C7B142000CBAC2C /* KeychainHelper.swift in Sources */ = {isa = PBXBuildFile; fileRef = 94D97BA72C7B142000CBAC2C /* KeychainHelper.swift */; };
		94D97BAB2C7B14C900CBAC2C /* Credentials.swift in Sources */ = {isa = PBXBuildFile; fileRef = 94D97BAA2C7B14C900CBAC2C /* Credentials.swift */; };
		94D97BAD2C7B14F400CBAC2C /* KeychainError.swift in Sources */ = {isa = PBXBuildFile; fileRef = 94D97BAC2C7B14F400CBAC2C /* KeychainError.swift */; };
		94D97BAF2C7B162600CBAC2C /* BiometricLoginView.swift in Sources */ = {isa = PBXBuildFile; fileRef = 94D97BAE2C7B162600CBAC2C /* BiometricLoginView.swift */; };
		94D97BB12C7B235400CBAC2C /* LABiometryTypeExtension.swift in Sources */ = {isa = PBXBuildFile; fileRef = 94D97BB02C7B235400CBAC2C /* LABiometryTypeExtension.swift */; };
		94D97BB32C7B319F00CBAC2C /* SecuredKeychainHelper.swift in Sources */ = {isa = PBXBuildFile; fileRef = 94D97BB22C7B319F00CBAC2C /* SecuredKeychainHelper.swift */; };
		94D97BB52C7B33FA00CBAC2C /* LoginForm.swift in Sources */ = {isa = PBXBuildFile; fileRef = 94D97BB42C7B33FA00CBAC2C /* LoginForm.swift */; };
/* End PBXBuildFile section */

/* Begin PBXFileReference section */
		94A63B582C77E35F008B1898 /* SwiftCairoSecurityDemo.app */ = {isa = PBXFileReference; explicitFileType = wrapper.application; includeInIndex = 0; path = SwiftCairoSecurityDemo.app; sourceTree = BUILT_PRODUCTS_DIR; };
		94A63B5B2C77E35F008B1898 /* SwiftCairoSecurityDemoApp.swift */ = {isa = PBXFileReference; lastKnownFileType = sourcecode.swift; path = SwiftCairoSecurityDemoApp.swift; sourceTree = "<group>"; };
		94A63B5D2C77E35F008B1898 /* ContentView.swift */ = {isa = PBXFileReference; lastKnownFileType = sourcecode.swift; path = ContentView.swift; sourceTree = "<group>"; };
		94A63B5F2C77E361008B1898 /* Assets.xcassets */ = {isa = PBXFileReference; lastKnownFileType = folder.assetcatalog; path = Assets.xcassets; sourceTree = "<group>"; };
		94A63B622C77E361008B1898 /* Preview Assets.xcassets */ = {isa = PBXFileReference; lastKnownFileType = folder.assetcatalog; path = "Preview Assets.xcassets"; sourceTree = "<group>"; };
		94D97B9C2C7A940E00CBAC2C /* LoginView.swift */ = {isa = PBXFileReference; lastKnownFileType = sourcecode.swift; path = LoginView.swift; sourceTree = "<group>"; };
		94D97B9E2C7A945300CBAC2C /* HomeView.swift */ = {isa = PBXFileReference; lastKnownFileType = sourcecode.swift; path = HomeView.swift; sourceTree = "<group>"; };
		94D97BA12C7A99D200CBAC2C /* LoginManager.swift */ = {isa = PBXFileReference; lastKnownFileType = sourcecode.swift; path = LoginManager.swift; sourceTree = "<group>"; };
		94D97BA72C7B142000CBAC2C /* KeychainHelper.swift */ = {isa = PBXFileReference; lastKnownFileType = sourcecode.swift; path = KeychainHelper.swift; sourceTree = "<group>"; };
		94D97BAA2C7B14C900CBAC2C /* Credentials.swift */ = {isa = PBXFileReference; lastKnownFileType = sourcecode.swift; path = Credentials.swift; sourceTree = "<group>"; };
		94D97BAC2C7B14F400CBAC2C /* KeychainError.swift */ = {isa = PBXFileReference; lastKnownFileType = sourcecode.swift; path = KeychainError.swift; sourceTree = "<group>"; };
		94D97BAE2C7B162600CBAC2C /* BiometricLoginView.swift */ = {isa = PBXFileReference; lastKnownFileType = sourcecode.swift; path = BiometricLoginView.swift; sourceTree = "<group>"; };
		94D97BB02C7B235400CBAC2C /* LABiometryTypeExtension.swift */ = {isa = PBXFileReference; lastKnownFileType = sourcecode.swift; path = LABiometryTypeExtension.swift; sourceTree = "<group>"; };
		94D97BB22C7B319F00CBAC2C /* SecuredKeychainHelper.swift */ = {isa = PBXFileReference; lastKnownFileType = sourcecode.swift; path = SecuredKeychainHelper.swift; sourceTree = "<group>"; };
		94D97BB42C7B33FA00CBAC2C /* LoginForm.swift */ = {isa = PBXFileReference; lastKnownFileType = sourcecode.swift; path = LoginForm.swift; sourceTree = "<group>"; };
/* End PBXFileReference section */

/* Begin PBXFrameworksBuildPhase section */
		94A63B552C77E35F008B1898 /* Frameworks */ = {
			isa = PBXFrameworksBuildPhase;
			buildActionMask = 2147483647;
			files = (
			);
			runOnlyForDeploymentPostprocessing = 0;
		};
/* End PBXFrameworksBuildPhase section */

/* Begin PBXGroup section */
		94A63B4F2C77E35F008B1898 = {
			isa = PBXGroup;
			children = (
				94A63B5A2C77E35F008B1898 /* SwiftCairoSecurityDemo */,
				94A63B592C77E35F008B1898 /* Products */,
			);
			sourceTree = "<group>";
		};
		94A63B592C77E35F008B1898 /* Products */ = {
			isa = PBXGroup;
			children = (
				94A63B582C77E35F008B1898 /* SwiftCairoSecurityDemo.app */,
			);
			name = Products;
			sourceTree = "<group>";
		};
		94A63B5A2C77E35F008B1898 /* SwiftCairoSecurityDemo */ = {
			isa = PBXGroup;
			children = (
				94A63B612C77E361008B1898 /* Preview Content */,
				94A63B5F2C77E361008B1898 /* Assets.xcassets */,
				94A63B5B2C77E35F008B1898 /* SwiftCairoSecurityDemoApp.swift */,
				94A63B5D2C77E35F008B1898 /* ContentView.swift */,
				94D97BA92C7B14AC00CBAC2C /* Models */,
				94D97BA62C7AAD8400CBAC2C /* Helpers */,
				94D97BA02C7A99C200CBAC2C /* Login */,
				94D97BA32C7AAD6800CBAC2C /* Home */,
			);
			path = SwiftCairoSecurityDemo;
			sourceTree = "<group>";
		};
		94A63B612C77E361008B1898 /* Preview Content */ = {
			isa = PBXGroup;
			children = (
				94A63B622C77E361008B1898 /* Preview Assets.xcassets */,
			);
			path = "Preview Content";
			sourceTree = "<group>";
		};
		94D97BA02C7A99C200CBAC2C /* Login */ = {
			isa = PBXGroup;
			children = (
				94D97BA12C7A99D200CBAC2C /* LoginManager.swift */,
				94D97B9C2C7A940E00CBAC2C /* LoginView.swift */,
				94D97BAE2C7B162600CBAC2C /* BiometricLoginView.swift */,
				94D97BB42C7B33FA00CBAC2C /* LoginForm.swift */,
			);
			path = Login;
			sourceTree = "<group>";
		};
		94D97BA32C7AAD6800CBAC2C /* Home */ = {
			isa = PBXGroup;
			children = (
				94D97B9E2C7A945300CBAC2C /* HomeView.swift */,
			);
			path = Home;
			sourceTree = "<group>";
		};
		94D97BA62C7AAD8400CBAC2C /* Helpers */ = {
			isa = PBXGroup;
			children = (
				94D97BA72C7B142000CBAC2C /* KeychainHelper.swift */,
				94D97BB02C7B235400CBAC2C /* LABiometryTypeExtension.swift */,
				94D97BB22C7B319F00CBAC2C /* SecuredKeychainHelper.swift */,
			);
			path = Helpers;
			sourceTree = "<group>";
		};
		94D97BA92C7B14AC00CBAC2C /* Models */ = {
			isa = PBXGroup;
			children = (
				94D97BAA2C7B14C900CBAC2C /* Credentials.swift */,
				94D97BAC2C7B14F400CBAC2C /* KeychainError.swift */,
			);
			path = Models;
			sourceTree = "<group>";
		};
/* End PBXGroup section */

/* Begin PBXNativeTarget section */
		94A63B572C77E35F008B1898 /* SwiftCairoSecurityDemo */ = {
			isa = PBXNativeTarget;
			buildConfigurationList = 94A63B662C77E361008B1898 /* Build configuration list for PBXNativeTarget "SwiftCairoSecurityDemo" */;
			buildPhases = (
				94A63B542C77E35F008B1898 /* Sources */,
				94A63B552C77E35F008B1898 /* Frameworks */,
				94A63B562C77E35F008B1898 /* Resources */,
			);
			buildRules = (
			);
			dependencies = (
			);
			name = SwiftCairoSecurityDemo;
			productName = SwiftCairoSecurityDemo;
			productReference = 94A63B582C77E35F008B1898 /* SwiftCairoSecurityDemo.app */;
			productType = "com.apple.product-type.application";
		};
/* End PBXNativeTarget section */

/* Begin PBXProject section */
		94A63B502C77E35F008B1898 /* Project object */ = {
			isa = PBXProject;
			attributes = {
				BuildIndependentTargetsInParallel = 1;
				LastSwiftUpdateCheck = 1510;
				LastUpgradeCheck = 1510;
				TargetAttributes = {
					94A63B572C77E35F008B1898 = {
						CreatedOnToolsVersion = 15.1;
					};
				};
			};
			buildConfigurationList = 94A63B532C77E35F008B1898 /* Build configuration list for PBXProject "SwiftCairoSecurityDemo" */;
			compatibilityVersion = "Xcode 14.0";
			developmentRegion = en;
			hasScannedForEncodings = 0;
			knownRegions = (
				en,
				Base,
			);
			mainGroup = 94A63B4F2C77E35F008B1898;
			productRefGroup = 94A63B592C77E35F008B1898 /* Products */;
			projectDirPath = "";
			projectRoot = "";
			targets = (
				94A63B572C77E35F008B1898 /* SwiftCairoSecurityDemo */,
			);
		};
/* End PBXProject section */

/* Begin PBXResourcesBuildPhase section */
		94A63B562C77E35F008B1898 /* Resources */ = {
			isa = PBXResourcesBuildPhase;
			buildActionMask = 2147483647;
			files = (
				94A63B632C77E361008B1898 /* Preview Assets.xcassets in Resources */,
				94A63B602C77E361008B1898 /* Assets.xcassets in Resources */,
			);
			runOnlyForDeploymentPostprocessing = 0;
		};
/* End PBXResourcesBuildPhase section */

/* Begin PBXSourcesBuildPhase section */
		94A63B542C77E35F008B1898 /* Sources */ = {
			isa = PBXSourcesBuildPhase;
			buildActionMask = 2147483647;
			files = (
				94D97BA22C7A99D200CBAC2C /* LoginManager.swift in Sources */,
				94D97BA82C7B142000CBAC2C /* KeychainHelper.swift in Sources */,
				94D97B9D2C7A940E00CBAC2C /* LoginView.swift in Sources */,
				94D97BAB2C7B14C900CBAC2C /* Credentials.swift in Sources */,
				94D97BAD2C7B14F400CBAC2C /* KeychainError.swift in Sources */,
				94D97BB12C7B235400CBAC2C /* LABiometryTypeExtension.swift in Sources */,
				94D97BB32C7B319F00CBAC2C /* SecuredKeychainHelper.swift in Sources */,
				94D97BB52C7B33FA00CBAC2C /* LoginForm.swift in Sources */,
				94D97B9F2C7A945300CBAC2C /* HomeView.swift in Sources */,
				94A63B5E2C77E35F008B1898 /* ContentView.swift in Sources */,
				94A63B5C2C77E35F008B1898 /* SwiftCairoSecurityDemoApp.swift in Sources */,
				94D97BAF2C7B162600CBAC2C /* BiometricLoginView.swift in Sources */,
			);
			runOnlyForDeploymentPostprocessing = 0;
		};
/* End PBXSourcesBuildPhase section */

/* Begin XCBuildConfiguration section */
		94A63B642C77E361008B1898 /* Debug */ = {
			isa = XCBuildConfiguration;
			buildSettings = {
				ALWAYS_SEARCH_USER_PATHS = NO;
				ASSETCATALOG_COMPILER_GENERATE_SWIFT_ASSET_SYMBOL_EXTENSIONS = YES;
				CLANG_ANALYZER_NONNULL = YES;
				CLANG_ANALYZER_NUMBER_OBJECT_CONVERSION = YES_AGGRESSIVE;
				CLANG_CXX_LANGUAGE_STANDARD = "gnu++20";
				CLANG_ENABLE_MODULES = YES;
				CLANG_ENABLE_OBJC_ARC = YES;
				CLANG_ENABLE_OBJC_WEAK = YES;
				CLANG_WARN_BLOCK_CAPTURE_AUTORELEASING = YES;
				CLANG_WARN_BOOL_CONVERSION = YES;
				CLANG_WARN_COMMA = YES;
				CLANG_WARN_CONSTANT_CONVERSION = YES;
				CLANG_WARN_DEPRECATED_OBJC_IMPLEMENTATIONS = YES;
				CLANG_WARN_DIRECT_OBJC_ISA_USAGE = YES_ERROR;
				CLANG_WARN_DOCUMENTATION_COMMENTS = YES;
				CLANG_WARN_EMPTY_BODY = YES;
				CLANG_WARN_ENUM_CONVERSION = YES;
				CLANG_WARN_INFINITE_RECURSION = YES;
				CLANG_WARN_INT_CONVERSION = YES;
				CLANG_WARN_NON_LITERAL_NULL_CONVERSION = YES;
				CLANG_WARN_OBJC_IMPLICIT_RETAIN_SELF = YES;
				CLANG_WARN_OBJC_LITERAL_CONVERSION = YES;
				CLANG_WARN_OBJC_ROOT_CLASS = YES_ERROR;
				CLANG_WARN_QUOTED_INCLUDE_IN_FRAMEWORK_HEADER = YES;
				CLANG_WARN_RANGE_LOOP_ANALYSIS = YES;
				CLANG_WARN_STRICT_PROTOTYPES = YES;
				CLANG_WARN_SUSPICIOUS_MOVE = YES;
				CLANG_WARN_UNGUARDED_AVAILABILITY = YES_AGGRESSIVE;
				CLANG_WARN_UNREACHABLE_CODE = YES;
				CLANG_WARN__DUPLICATE_METHOD_MATCH = YES;
				COPY_PHASE_STRIP = NO;
				DEBUG_INFORMATION_FORMAT = dwarf;
				ENABLE_STRICT_OBJC_MSGSEND = YES;
				ENABLE_TESTABILITY = YES;
				ENABLE_USER_SCRIPT_SANDBOXING = YES;
				GCC_C_LANGUAGE_STANDARD = gnu17;
				GCC_DYNAMIC_NO_PIC = NO;
				GCC_NO_COMMON_BLOCKS = YES;
				GCC_OPTIMIZATION_LEVEL = 0;
				GCC_PREPROCESSOR_DEFINITIONS = (
					"DEBUG=1",
					"$(inherited)",
				);
				GCC_WARN_64_TO_32_BIT_CONVERSION = YES;
				GCC_WARN_ABOUT_RETURN_TYPE = YES_ERROR;
				GCC_WARN_UNDECLARED_SELECTOR = YES;
				GCC_WARN_UNINITIALIZED_AUTOS = YES_AGGRESSIVE;
				GCC_WARN_UNUSED_FUNCTION = YES;
				GCC_WARN_UNUSED_VARIABLE = YES;
				IPHONEOS_DEPLOYMENT_TARGET = 17.2;
				LOCALIZATION_PREFERS_STRING_CATALOGS = YES;
				MTL_ENABLE_DEBUG_INFO = INCLUDE_SOURCE;
				MTL_FAST_MATH = YES;
				ONLY_ACTIVE_ARCH = YES;
				SDKROOT = iphoneos;
				SWIFT_ACTIVE_COMPILATION_CONDITIONS = "DEBUG $(inherited)";
				SWIFT_OPTIMIZATION_LEVEL = "-Onone";
			};
			name = Debug;
		};
		94A63B652C77E361008B1898 /* Release */ = {
			isa = XCBuildConfiguration;
			buildSettings = {
				ALWAYS_SEARCH_USER_PATHS = NO;
				ASSETCATALOG_COMPILER_GENERATE_SWIFT_ASSET_SYMBOL_EXTENSIONS = YES;
				CLANG_ANALYZER_NONNULL = YES;
				CLANG_ANALYZER_NUMBER_OBJECT_CONVERSION = YES_AGGRESSIVE;
				CLANG_CXX_LANGUAGE_STANDARD = "gnu++20";
				CLANG_ENABLE_MODULES = YES;
				CLANG_ENABLE_OBJC_ARC = YES;
				CLANG_ENABLE_OBJC_WEAK = YES;
				CLANG_WARN_BLOCK_CAPTURE_AUTORELEASING = YES;
				CLANG_WARN_BOOL_CONVERSION = YES;
				CLANG_WARN_COMMA = YES;
				CLANG_WARN_CONSTANT_CONVERSION = YES;
				CLANG_WARN_DEPRECATED_OBJC_IMPLEMENTATIONS = YES;
				CLANG_WARN_DIRECT_OBJC_ISA_USAGE = YES_ERROR;
				CLANG_WARN_DOCUMENTATION_COMMENTS = YES;
				CLANG_WARN_EMPTY_BODY = YES;
				CLANG_WARN_ENUM_CONVERSION = YES;
				CLANG_WARN_INFINITE_RECURSION = YES;
				CLANG_WARN_INT_CONVERSION = YES;
				CLANG_WARN_NON_LITERAL_NULL_CONVERSION = YES;
				CLANG_WARN_OBJC_IMPLICIT_RETAIN_SELF = YES;
				CLANG_WARN_OBJC_LITERAL_CONVERSION = YES;
				CLANG_WARN_OBJC_ROOT_CLASS = YES_ERROR;
				CLANG_WARN_QUOTED_INCLUDE_IN_FRAMEWORK_HEADER = YES;
				CLANG_WARN_RANGE_LOOP_ANALYSIS = YES;
				CLANG_WARN_STRICT_PROTOTYPES = YES;
				CLANG_WARN_SUSPICIOUS_MOVE = YES;
				CLANG_WARN_UNGUARDED_AVAILABILITY = YES_AGGRESSIVE;
				CLANG_WARN_UNREACHABLE_CODE = YES;
				CLANG_WARN__DUPLICATE_METHOD_MATCH = YES;
				COPY_PHASE_STRIP = NO;
				DEBUG_INFORMATION_FORMAT = "dwarf-with-dsym";
				ENABLE_NS_ASSERTIONS = NO;
				ENABLE_STRICT_OBJC_MSGSEND = YES;
				ENABLE_USER_SCRIPT_SANDBOXING = YES;
				GCC_C_LANGUAGE_STANDARD = gnu17;
				GCC_NO_COMMON_BLOCKS = YES;
				GCC_WARN_64_TO_32_BIT_CONVERSION = YES;
				GCC_WARN_ABOUT_RETURN_TYPE = YES_ERROR;
				GCC_WARN_UNDECLARED_SELECTOR = YES;
				GCC_WARN_UNINITIALIZED_AUTOS = YES_AGGRESSIVE;
				GCC_WARN_UNUSED_FUNCTION = YES;
				GCC_WARN_UNUSED_VARIABLE = YES;
				IPHONEOS_DEPLOYMENT_TARGET = 17.2;
				LOCALIZATION_PREFERS_STRING_CATALOGS = YES;
				MTL_ENABLE_DEBUG_INFO = NO;
				MTL_FAST_MATH = YES;
				SDKROOT = iphoneos;
				SWIFT_COMPILATION_MODE = wholemodule;
				VALIDATE_PRODUCT = YES;
			};
			name = Release;
		};
		94A63B672C77E361008B1898 /* Debug */ = {
			isa = XCBuildConfiguration;
			buildSettings = {
				ASSETCATALOG_COMPILER_APPICON_NAME = AppIcon;
				ASSETCATALOG_COMPILER_GLOBAL_ACCENT_COLOR_NAME = AccentColor;
				CODE_SIGN_STYLE = Automatic;
				CURRENT_PROJECT_VERSION = 1;
				DEVELOPMENT_ASSET_PATHS = "\"SwiftCairoSecurityDemo/Preview Content\"";
				DEVELOPMENT_TEAM = P565D8BB32;
				ENABLE_PREVIEWS = YES;
				GENERATE_INFOPLIST_FILE = YES;
				INFOPLIST_KEY_NSFaceIDUsageDescription = Login;
				INFOPLIST_KEY_UIApplicationSceneManifest_Generation = YES;
				INFOPLIST_KEY_UIApplicationSupportsIndirectInputEvents = YES;
				INFOPLIST_KEY_UILaunchScreen_Generation = YES;
				INFOPLIST_KEY_UISupportedInterfaceOrientations_iPad = "UIInterfaceOrientationPortrait UIInterfaceOrientationPortraitUpsideDown UIInterfaceOrientationLandscapeLeft UIInterfaceOrientationLandscapeRight";
				INFOPLIST_KEY_UISupportedInterfaceOrientations_iPhone = "UIInterfaceOrientationPortrait UIInterfaceOrientationLandscapeLeft UIInterfaceOrientationLandscapeRight";
				IPHONEOS_DEPLOYMENT_TARGET = 14.0;
				LD_RUNPATH_SEARCH_PATHS = (
					"$(inherited)",
					"@executable_path/Frameworks",
				);
				MARKETING_VERSION = 1.0;
				PRODUCT_BUNDLE_IDENTIFIER = com.AhmadYasser.SwiftCairoSecurityDemo;
				PRODUCT_NAME = "$(TARGET_NAME)";
				SWIFT_EMIT_LOC_STRINGS = YES;
				SWIFT_VERSION = 5.0;
				TARGETED_DEVICE_FAMILY = "1,2";
			};
			name = Debug;
		};
		94A63B682C77E361008B1898 /* Release */ = {
			isa = XCBuildConfiguration;
			buildSettings = {
				ASSETCATALOG_COMPILER_APPICON_NAME = AppIcon;
				ASSETCATALOG_COMPILER_GLOBAL_ACCENT_COLOR_NAME = AccentColor;
				CODE_SIGN_STYLE = Automatic;
				CURRENT_PROJECT_VERSION = 1;
				DEVELOPMENT_ASSET_PATHS = "\"SwiftCairoSecurityDemo/Preview Content\"";
				DEVELOPMENT_TEAM = P565D8BB32;
				ENABLE_PREVIEWS = YES;
				GENERATE_INFOPLIST_FILE = YES;
				INFOPLIST_KEY_NSFaceIDUsageDescription = Login;
				INFOPLIST_KEY_UIApplicationSceneManifest_Generation = YES;
				INFOPLIST_KEY_UIApplicationSupportsIndirectInputEvents = YES;
				INFOPLIST_KEY_UILaunchScreen_Generation = YES;
				INFOPLIST_KEY_UISupportedInterfaceOrientations_iPad = "UIInterfaceOrientationPortrait UIInterfaceOrientationPortraitUpsideDown UIInterfaceOrientationLandscapeLeft UIInterfaceOrientationLandscapeRight";
				INFOPLIST_KEY_UISupportedInterfaceOrientations_iPhone = "UIInterfaceOrientationPortrait UIInterfaceOrientationLandscapeLeft UIInterfaceOrientationLandscapeRight";
				IPHONEOS_DEPLOYMENT_TARGET = 14.0;
				LD_RUNPATH_SEARCH_PATHS = (
					"$(inherited)",
					"@executable_path/Frameworks",
				);
				MARKETING_VERSION = 1.0;
				PRODUCT_BUNDLE_IDENTIFIER = com.AhmadYasser.SwiftCairoSecurityDemo;
				PRODUCT_NAME = "$(TARGET_NAME)";
				SWIFT_EMIT_LOC_STRINGS = YES;
				SWIFT_VERSION = 5.0;
				TARGETED_DEVICE_FAMILY = "1,2";
			};
			name = Release;
		};
/* End XCBuildConfiguration section */

/* Begin XCConfigurationList section */
		94A63B532C77E35F008B1898 /* Build configuration list for PBXProject "SwiftCairoSecurityDemo" */ = {
			isa = XCConfigurationList;
			buildConfigurations = (
				94A63B642C77E361008B1898 /* Debug */,
				94A63B652C77E361008B1898 /* Release */,
			);
			defaultConfigurationIsVisible = 0;
			defaultConfigurationName = Release;
		};
		94A63B662C77E361008B1898 /* Build configuration list for PBXNativeTarget "SwiftCairoSecurityDemo" */ = {
			isa = XCConfigurationList;
			buildConfigurations = (
				94A63B672C77E361008B1898 /* Debug */,
				94A63B682C77E361008B1898 /* Release */,
			);
			defaultConfigurationIsVisible = 0;
			defaultConfigurationName = Release;
		};
/* End XCConfigurationList section */
	};
	rootObject = 94A63B502C77E35F008B1898 /* Project object */;
}
